
Microsoft Visual Studio Solution File, Format Version 12.00
# Visual Studio Version 17
VisualStudioVersion = 17.9.34723.18
MinimumVisualStudioVersion = 10.0.40219.1
Project("{9A19103F-16F7-4668-BE54-9A1E7A4F7556}") = "Rayer", "Rayer\Rayer.csproj", "{CB8C4931-BFA8-4959-A561-E690AD582472}"
EndProject
Project("{9A19103F-16F7-4668-BE54-9A1E7A4F7556}") = "Rayer.Core", "Rayer.Core\Rayer.Core.csproj", "{04E4E3D2-934B-4AA8-8220-61892197BDC1}"
EndProject
Project("{9A19103F-16F7-4668-BE54-9A1E7A4F7556}") = "Rayer.SearchEngine", "Rayer.SearchEngine\Rayer.SearchEngine.csproj", "{72467E19-9569-474F-8424-9A56633EADE7}"
EndProject
Project("{2150E333-8FDC-42A3-9474-1A3956D46DE8}") = "Solution Items", "Solution Items", "{5A6B27AE-BD99-4E22-B27B-D54CC270FB20}"
	ProjectSection(SolutionItems) = preProject
		Directory.Build.props = Directory.Build.props
		Directory.Build.targets = Directory.Build.targets
		rayer.snk = rayer.snk
	EndProjectSection
EndProject
Project("{9A19103F-16F7-4668-BE54-9A1E7A4F7556}") = "Rayer.FFmpegCore", "Rayer.FFmpegCore\Rayer.FFmpegCore.csproj", "{9F3D5C3F-0179-4AD0-A1B4-BF615C24DE2B}"
EndProject
Project("{9A19103F-16F7-4668-BE54-9A1E7A4F7556}") = "Rayer.IntegrationTest", "Rayer.IntegrationTest\Rayer.IntegrationTest.csproj", "{9CC851B7-75F3-490E-9034-F0D8DF142CCF}"
EndProject
Project("{2150E333-8FDC-42A3-9474-1A3956D46DE8}") = "Test", "Test", "{7D1A8418-4A70-4665-A711-40F7A015D740}"
EndProject
Project("{9A19103F-16F7-4668-BE54-9A1E7A4F7556}") = "Rayer.Installer", "Rayer.Installer\Rayer.Installer.csproj", "{8197DC09-6D90-4D70-8C4D-3D8DF3AC24C2}"
EndProject
Project("{9A19103F-16F7-4668-BE54-9A1E7A4F7556}") = "Rayer.IPSHost", "Rayer.IPSHost\Rayer.IPSHost.csproj", "{FFBA5B60-3058-4976-96BC-F9A94F5E0597}"
EndProject
Project("{2150E333-8FDC-42A3-9474-1A3956D46DE8}") = "SearchEngine", "SearchEngine", "{8E439F97-5394-4488-9C57-9DFE1CE37D0F}"
EndProject
Project("{FAE04EC0-301F-11D3-BF4B-00C04F79EFBC}") = "Rayer.SearchEngine.Netease", "Rayer.SearchEngine.Netease\Rayer.SearchEngine.Netease.csproj", "{13E5BDDD-9E3C-4E77-AAB0-ED1F096C8FC0}"
EndProject
Project("{FAE04EC0-301F-11D3-BF4B-00C04F79EFBC}") = "Rayer.SearchEngine.Bilibili", "Rayer.SearchEngine.Bilibili\Rayer.SearchEngine.Bilibili.csproj", "{8EFEFEC1-3B3C-4B6B-8CAC-884D9F962C10}"
EndProject
Project("{FAE04EC0-301F-11D3-BF4B-00C04F79EFBC}") = "Rayer.SearchEngine.Core", "Rayer.SearchEngine.Core\Rayer.SearchEngine.Core.csproj", "{DE3888A1-A1F4-476B-BF68-E94481921718}"
EndProject
Global
	GlobalSection(SolutionConfigurationPlatforms) = preSolution
		Debug|Any CPU = Debug|Any CPU
		Release|Any CPU = Release|Any CPU
	EndGlobalSection
	GlobalSection(ProjectConfigurationPlatforms) = postSolution
		{CB8C4931-BFA8-4959-A561-E690AD582472}.Debug|Any CPU.ActiveCfg = Debug|Any CPU
		{CB8C4931-BFA8-4959-A561-E690AD582472}.Debug|Any CPU.Build.0 = Debug|Any CPU
		{CB8C4931-BFA8-4959-A561-E690AD582472}.Release|Any CPU.ActiveCfg = Release|Any CPU
		{CB8C4931-BFA8-4959-A561-E690AD582472}.Release|Any CPU.Build.0 = Release|Any CPU
		{04E4E3D2-934B-4AA8-8220-61892197BDC1}.Debug|Any CPU.ActiveCfg = Debug|Any CPU
		{04E4E3D2-934B-4AA8-8220-61892197BDC1}.Debug|Any CPU.Build.0 = Debug|Any CPU
		{04E4E3D2-934B-4AA8-8220-61892197BDC1}.Release|Any CPU.ActiveCfg = Release|Any CPU
		{04E4E3D2-934B-4AA8-8220-61892197BDC1}.Release|Any CPU.Build.0 = Release|Any CPU
		{72467E19-9569-474F-8424-9A56633EADE7}.Debug|Any CPU.ActiveCfg = Debug|Any CPU
		{72467E19-9569-474F-8424-9A56633EADE7}.Debug|Any CPU.Build.0 = Debug|Any CPU
		{72467E19-9569-474F-8424-9A56633EADE7}.Release|Any CPU.ActiveCfg = Release|Any CPU
		{72467E19-9569-474F-8424-9A56633EADE7}.Release|Any CPU.Build.0 = Release|Any CPU
		{9F3D5C3F-0179-4AD0-A1B4-BF615C24DE2B}.Debug|Any CPU.ActiveCfg = Debug|Any CPU
		{9F3D5C3F-0179-4AD0-A1B4-BF615C24DE2B}.Debug|Any CPU.Build.0 = Debug|Any CPU
		{9F3D5C3F-0179-4AD0-A1B4-BF615C24DE2B}.Release|Any CPU.ActiveCfg = Release|Any CPU
		{9F3D5C3F-0179-4AD0-A1B4-BF615C24DE2B}.Release|Any CPU.Build.0 = Release|Any CPU
		{9CC851B7-75F3-490E-9034-F0D8DF142CCF}.Debug|Any CPU.ActiveCfg = Debug|Any CPU
		{9CC851B7-75F3-490E-9034-F0D8DF142CCF}.Debug|Any CPU.Build.0 = Debug|Any CPU
		{9CC851B7-75F3-490E-9034-F0D8DF142CCF}.Release|Any CPU.ActiveCfg = Release|Any CPU
		{9CC851B7-75F3-490E-9034-F0D8DF142CCF}.Release|Any CPU.Build.0 = Release|Any CPU
		{8197DC09-6D90-4D70-8C4D-3D8DF3AC24C2}.Debug|Any CPU.ActiveCfg = Debug|Any CPU
		{8197DC09-6D90-4D70-8C4D-3D8DF3AC24C2}.Debug|Any CPU.Build.0 = Debug|Any CPU
		{8197DC09-6D90-4D70-8C4D-3D8DF3AC24C2}.Release|Any CPU.ActiveCfg = Release|Any CPU
		{8197DC09-6D90-4D70-8C4D-3D8DF3AC24C2}.Release|Any CPU.Build.0 = Release|Any CPU
		{FFBA5B60-3058-4976-96BC-F9A94F5E0597}.Debug|Any CPU.ActiveCfg = Debug|Any CPU
		{FFBA5B60-3058-4976-96BC-F9A94F5E0597}.Debug|Any CPU.Build.0 = Debug|Any CPU
		{FFBA5B60-3058-4976-96BC-F9A94F5E0597}.Release|Any CPU.ActiveCfg = Release|Any CPU
		{FFBA5B60-3058-4976-96BC-F9A94F5E0597}.Release|Any CPU.Build.0 = Release|Any CPU
		{13E5BDDD-9E3C-4E77-AAB0-ED1F096C8FC0}.Debug|Any CPU.ActiveCfg = Debug|Any CPU
		{13E5BDDD-9E3C-4E77-AAB0-ED1F096C8FC0}.Debug|Any CPU.Build.0 = Debug|Any CPU
		{13E5BDDD-9E3C-4E77-AAB0-ED1F096C8FC0}.Release|Any CPU.ActiveCfg = Release|Any CPU
		{13E5BDDD-9E3C-4E77-AAB0-ED1F096C8FC0}.Release|Any CPU.Build.0 = Release|Any CPU
		{8EFEFEC1-3B3C-4B6B-8CAC-884D9F962C10}.Debug|Any CPU.ActiveCfg = Debug|Any CPU
		{8EFEFEC1-3B3C-4B6B-8CAC-884D9F962C10}.Debug|Any CPU.Build.0 = Debug|Any CPU
		{8EFEFEC1-3B3C-4B6B-8CAC-884D9F962C10}.Release|Any CPU.ActiveCfg = Release|Any CPU
		{8EFEFEC1-3B3C-4B6B-8CAC-884D9F962C10}.Release|Any CPU.Build.0 = Release|Any CPU
		{DE3888A1-A1F4-476B-BF68-E94481921718}.Debug|Any CPU.ActiveCfg = Debug|Any CPU
		{DE3888A1-A1F4-476B-BF68-E94481921718}.Debug|Any CPU.Build.0 = Debug|Any CPU
		{DE3888A1-A1F4-476B-BF68-E94481921718}.Release|Any CPU.ActiveCfg = Release|Any CPU
		{DE3888A1-A1F4-476B-BF68-E94481921718}.Release|Any CPU.Build.0 = Release|Any CPU
	EndGlobalSection
	GlobalSection(SolutionProperties) = preSolution
		HideSolutionNode = FALSE
	EndGlobalSection
	GlobalSection(NestedProjects) = preSolution
		{9CC851B7-75F3-490E-9034-F0D8DF142CCF} = {7D1A8418-4A70-4665-A711-40F7A015D740}
		{13E5BDDD-9E3C-4E77-AAB0-ED1F096C8FC0} = {8E439F97-5394-4488-9C57-9DFE1CE37D0F}
		{8EFEFEC1-3B3C-4B6B-8CAC-884D9F962C10} = {8E439F97-5394-4488-9C57-9DFE1CE37D0F}
		{DE3888A1-A1F4-476B-BF68-E94481921718} = {8E439F97-5394-4488-9C57-9DFE1CE37D0F}
	EndGlobalSection
	GlobalSection(ExtensibilityGlobals) = postSolution
		SolutionGuid = {C1047A46-F20F-4A34-A0E2-63FAA6E8A990}
	EndGlobalSection
EndGlobal
